
Microsoft Visual Studio Solution File, Format Version 12.00
# Visual Studio Version 16
VisualStudioVersion = 16.0.30114.105
MinimumVisualStudioVersion = 10.0.40219.1
Project("{FAE04EC0-301F-11D3-BF4B-00C04F79EFBC}") = "Expotec2021.Domain", "Expotec2021.Domain\Expotec2021.Domain.csproj", "{24695B2C-E730-454B-8AEC-B9070208729B}"
EndProject
Project("{FAE04EC0-301F-11D3-BF4B-00C04F79EFBC}") = "Expotec2021.Application", "Expotec2021.Application\Expotec2021.Application.csproj", "{2DC371AA-3B2E-4F04-95BF-076F32D75D54}"
EndProject
Project("{FAE04EC0-301F-11D3-BF4B-00C04F79EFBC}") = "Expotec2021.Infra.Data", "Expotec2021.Infra.Data\Expotec2021.Infra.Data.csproj", "{7AAA7D4B-F999-4075-946F-4EEAC4A5805B}"
EndProject
Project("{FAE04EC0-301F-11D3-BF4B-00C04F79EFBC}") = "Expotec2021.Web", "Expotec2021.Web\Expotec2021.Web.csproj", "{450863D8-0895-4099-BFC7-97210F8E141F}"
EndProject
Project("{FAE04EC0-301F-11D3-BF4B-00C04F79EFBC}") = "Expotec2021.Infra.IoC", "Expotec2021.Infra.IoC\Expotec2021.Infra.IoC.csproj", "{9B109BD6-BD6C-482E-B15D-80DC62C48BBD}"
EndProject
Project("{FAE04EC0-301F-11D3-BF4B-00C04F79EFBC}") = "Expotec2021.Infra.Identity", "Expotec2021.Infra.Identity\Expotec2021.Infra.Identity.csproj", "{C691A9F4-5FE9-4292-BC4B-61C16FE4578D}"
EndProject
Global
	GlobalSection(SolutionConfigurationPlatforms) = preSolution
		Debug|Any CPU = Debug|Any CPU
		Debug|x64 = Debug|x64
		Debug|x86 = Debug|x86
		Release|Any CPU = Release|Any CPU
		Release|x64 = Release|x64
		Release|x86 = Release|x86
	EndGlobalSection
	GlobalSection(SolutionProperties) = preSolution
		HideSolutionNode = FALSE
	EndGlobalSection
	GlobalSection(ProjectConfigurationPlatforms) = postSolution
		{24695B2C-E730-454B-8AEC-B9070208729B}.Debug|Any CPU.ActiveCfg = Debug|Any CPU
		{24695B2C-E730-454B-8AEC-B9070208729B}.Debug|Any CPU.Build.0 = Debug|Any CPU
		{24695B2C-E730-454B-8AEC-B9070208729B}.Debug|x64.ActiveCfg = Debug|Any CPU
		{24695B2C-E730-454B-8AEC-B9070208729B}.Debug|x64.Build.0 = Debug|Any CPU
		{24695B2C-E730-454B-8AEC-B9070208729B}.Debug|x86.ActiveCfg = Debug|Any CPU
		{24695B2C-E730-454B-8AEC-B9070208729B}.Debug|x86.Build.0 = Debug|Any CPU
		{24695B2C-E730-454B-8AEC-B9070208729B}.Release|Any CPU.ActiveCfg = Release|Any CPU
		{24695B2C-E730-454B-8AEC-B9070208729B}.Release|Any CPU.Build.0 = Release|Any CPU
		{24695B2C-E730-454B-8AEC-B9070208729B}.Release|x64.ActiveCfg = Release|Any CPU
		{24695B2C-E730-454B-8AEC-B9070208729B}.Release|x64.Build.0 = Release|Any CPU
		{24695B2C-E730-454B-8AEC-B9070208729B}.Release|x86.ActiveCfg = Release|Any CPU
		{24695B2C-E730-454B-8AEC-B9070208729B}.Release|x86.Build.0 = Release|Any CPU
		{2DC371AA-3B2E-4F04-95BF-076F32D75D54}.Debug|Any CPU.ActiveCfg = Debug|Any CPU
		{2DC371AA-3B2E-4F04-95BF-076F32D75D54}.Debug|Any CPU.Build.0 = Debug|Any CPU
		{2DC371AA-3B2E-4F04-95BF-076F32D75D54}.Debug|x64.ActiveCfg = Debug|Any CPU
		{2DC371AA-3B2E-4F04-95BF-076F32D75D54}.Debug|x64.Build.0 = Debug|Any CPU
		{2DC371AA-3B2E-4F04-95BF-076F32D75D54}.Debug|x86.ActiveCfg = Debug|Any CPU
		{2DC371AA-3B2E-4F04-95BF-076F32D75D54}.Debug|x86.Build.0 = Debug|Any CPU
		{2DC371AA-3B2E-4F04-95BF-076F32D75D54}.Release|Any CPU.ActiveCfg = Release|Any CPU
		{2DC371AA-3B2E-4F04-95BF-076F32D75D54}.Release|Any CPU.Build.0 = Release|Any CPU
		{2DC371AA-3B2E-4F04-95BF-076F32D75D54}.Release|x64.ActiveCfg = Release|Any CPU
		{2DC371AA-3B2E-4F04-95BF-076F32D75D54}.Release|x64.Build.0 = Release|Any CPU
		{2DC371AA-3B2E-4F04-95BF-076F32D75D54}.Release|x86.ActiveCfg = Release|Any CPU
		{2DC371AA-3B2E-4F04-95BF-076F32D75D54}.Release|x86.Build.0 = Release|Any CPU
		{7AAA7D4B-F999-4075-946F-4EEAC4A5805B}.Debug|Any CPU.ActiveCfg = Debug|Any CPU
		{7AAA7D4B-F999-4075-946F-4EEAC4A5805B}.Debug|Any CPU.Build.0 = Debug|Any CPU
		{7AAA7D4B-F999-4075-946F-4EEAC4A5805B}.Debug|x64.ActiveCfg = Debug|Any CPU
		{7AAA7D4B-F999-4075-946F-4EEAC4A5805B}.Debug|x64.Build.0 = Debug|Any CPU
		{7AAA7D4B-F999-4075-946F-4EEAC4A5805B}.Debug|x86.ActiveCfg = Debug|Any CPU
		{7AAA7D4B-F999-4075-946F-4EEAC4A5805B}.Debug|x86.Build.0 = Debug|Any CPU
		{7AAA7D4B-F999-4075-946F-4EEAC4A5805B}.Release|Any CPU.ActiveCfg = Release|Any CPU
		{7AAA7D4B-F999-4075-946F-4EEAC4A5805B}.Release|Any CPU.Build.0 = Release|Any CPU
		{7AAA7D4B-F999-4075-946F-4EEAC4A5805B}.Release|x64.ActiveCfg = Release|Any CPU
		{7AAA7D4B-F999-4075-946F-4EEAC4A5805B}.Release|x64.Build.0 = Release|Any CPU
		{7AAA7D4B-F999-4075-946F-4EEAC4A5805B}.Release|x86.ActiveCfg = Release|Any CPU
		{7AAA7D4B-F999-4075-946F-4EEAC4A5805B}.Release|x86.Build.0 = Release|Any CPU
		{C097876E-EA4F-40EB-8338-6667396FEF1B}.Debug|Any CPU.ActiveCfg = Debug|Any CPU
		{C097876E-EA4F-40EB-8338-6667396FEF1B}.Debug|Any CPU.Build.0 = Debug|Any CPU
		{C097876E-EA4F-40EB-8338-6667396FEF1B}.Debug|x64.ActiveCfg = Debug|Any CPU
		{C097876E-EA4F-40EB-8338-6667396FEF1B}.Debug|x64.Build.0 = Debug|Any CPU
		{C097876E-EA4F-40EB-8338-6667396FEF1B}.Debug|x86.ActiveCfg = Debug|Any CPU
		{C097876E-EA4F-40EB-8338-6667396FEF1B}.Debug|x86.Build.0 = Debug|Any CPU
		{C097876E-EA4F-40EB-8338-6667396FEF1B}.Release|Any CPU.ActiveCfg = Release|Any CPU
		{C097876E-EA4F-40EB-8338-6667396FEF1B}.Release|Any CPU.Build.0 = Release|Any CPU
		{C097876E-EA4F-40EB-8338-6667396FEF1B}.Release|x64.ActiveCfg = Release|Any CPU
		{C097876E-EA4F-40EB-8338-6667396FEF1B}.Release|x64.Build.0 = Release|Any CPU
		{C097876E-EA4F-40EB-8338-6667396FEF1B}.Release|x86.ActiveCfg = Release|Any CPU
		{C097876E-EA4F-40EB-8338-6667396FEF1B}.Release|x86.Build.0 = Release|Any CPU
		{450863D8-0895-4099-BFC7-97210F8E141F}.Debug|Any CPU.ActiveCfg = Debug|Any CPU
		{450863D8-0895-4099-BFC7-97210F8E141F}.Debug|Any CPU.Build.0 = Debug|Any CPU
		{450863D8-0895-4099-BFC7-97210F8E141F}.Debug|x64.ActiveCfg = Debug|Any CPU
		{450863D8-0895-4099-BFC7-97210F8E141F}.Debug|x64.Build.0 = Debug|Any CPU
		{450863D8-0895-4099-BFC7-97210F8E141F}.Debug|x86.ActiveCfg = Debug|Any CPU
		{450863D8-0895-4099-BFC7-97210F8E141F}.Debug|x86.Build.0 = Debug|Any CPU
		{450863D8-0895-4099-BFC7-97210F8E141F}.Release|Any CPU.ActiveCfg = Release|Any CPU
		{450863D8-0895-4099-BFC7-97210F8E141F}.Release|Any CPU.Build.0 = Release|Any CPU
		{450863D8-0895-4099-BFC7-97210F8E141F}.Release|x64.ActiveCfg = Release|Any CPU
		{450863D8-0895-4099-BFC7-97210F8E141F}.Release|x64.Build.0 = Release|Any CPU
		{450863D8-0895-4099-BFC7-97210F8E141F}.Release|x86.ActiveCfg = Release|Any CPU
		{450863D8-0895-4099-BFC7-97210F8E141F}.Release|x86.Build.0 = Release|Any CPU
		{9B109BD6-BD6C-482E-B15D-80DC62C48BBD}.Debug|Any CPU.ActiveCfg = Debug|Any CPU
		{9B109BD6-BD6C-482E-B15D-80DC62C48BBD}.Debug|Any CPU.Build.0 = Debug|Any CPU
		{9B109BD6-BD6C-482E-B15D-80DC62C48BBD}.Debug|x64.ActiveCfg = Debug|Any CPU
		{9B109BD6-BD6C-482E-B15D-80DC62C48BBD}.Debug|x64.Build.0 = Debug|Any CPU
		{9B109BD6-BD6C-482E-B15D-80DC62C48BBD}.Debug|x86.ActiveCfg = Debug|Any CPU
		{9B109BD6-BD6C-482E-B15D-80DC62C48BBD}.Debug|x86.Build.0 = Debug|Any CPU
		{9B109BD6-BD6C-482E-B15D-80DC62C48BBD}.Release|Any CPU.ActiveCfg = Release|Any CPU
		{9B109BD6-BD6C-482E-B15D-80DC62C48BBD}.Release|Any CPU.Build.0 = Release|Any CPU
		{9B109BD6-BD6C-482E-B15D-80DC62C48BBD}.Release|x64.ActiveCfg = Release|Any CPU
		{9B109BD6-BD6C-482E-B15D-80DC62C48BBD}.Release|x64.Build.0 = Release|Any CPU
		{9B109BD6-BD6C-482E-B15D-80DC62C48BBD}.Release|x86.ActiveCfg = Release|Any CPU
		{9B109BD6-BD6C-482E-B15D-80DC62C48BBD}.Release|x86.Build.0 = Release|Any CPU
		{C691A9F4-5FE9-4292-BC4B-61C16FE4578D}.Debug|Any CPU.ActiveCfg = Debug|Any CPU
		{C691A9F4-5FE9-4292-BC4B-61C16FE4578D}.Debug|Any CPU.Build.0 = Debug|Any CPU
		{C691A9F4-5FE9-4292-BC4B-61C16FE4578D}.Debug|x64.ActiveCfg = Debug|Any CPU
		{C691A9F4-5FE9-4292-BC4B-61C16FE4578D}.Debug|x64.Build.0 = Debug|Any CPU
		{C691A9F4-5FE9-4292-BC4B-61C16FE4578D}.Debug|x86.ActiveCfg = Debug|Any CPU
		{C691A9F4-5FE9-4292-BC4B-61C16FE4578D}.Debug|x86.Build.0 = Debug|Any CPU
		{C691A9F4-5FE9-4292-BC4B-61C16FE4578D}.Release|Any CPU.ActiveCfg = Release|Any CPU
		{C691A9F4-5FE9-4292-BC4B-61C16FE4578D}.Release|Any CPU.Build.0 = Release|Any CPU
		{C691A9F4-5FE9-4292-BC4B-61C16FE4578D}.Release|x64.ActiveCfg = Release|Any CPU
		{C691A9F4-5FE9-4292-BC4B-61C16FE4578D}.Release|x64.Build.0 = Release|Any CPU
		{C691A9F4-5FE9-4292-BC4B-61C16FE4578D}.Release|x86.ActiveCfg = Release|Any CPU
		{C691A9F4-5FE9-4292-BC4B-61C16FE4578D}.Release|x86.Build.0 = Release|Any CPU
	EndGlobalSection
EndGlobal
